
Microsoft Visual Studio Solution File, Format Version 12.00
# Visual Studio 2013
VisualStudioVersion = 12.0.21005.1
MinimumVisualStudioVersion = 10.0.40219.1
Project("{FAE04EC0-301F-11D3-BF4B-00C04F79EFBC}") = "CustomerSite", "CustomerSite\CustomerSite.csproj", "{2DEFB1A8-0AD3-407A-9FE9-DA2C8CA95A11}"
EndProject
Project("{FAE04EC0-301F-11D3-BF4B-00C04F79EFBC}") = "CustomerSite.DataStore.EF", "CustomerSite.DataStore\CustomerSite.DataStore.EF.csproj", "{7D8FE222-38CD-4DAF-837E-9D2D8B19C9A2}"
EndProject
Project("{FAE04EC0-301F-11D3-BF4B-00C04F79EFBC}") = "CustomerSite.BusinessLogic", "CustomerSite.BusinessLogic\CustomerSite.BusinessLogic.csproj", "{40372C7E-10A5-4290-AD77-A1A239C5344E}"
EndProject
Project("{FAE04EC0-301F-11D3-BF4B-00C04F79EFBC}") = "CustomerSite.DataStore.NHibernate", "CustomerSite.DataStore.NHibernate\CustomerSite.DataStore.NHibernate.csproj", "{4C20E66A-0831-4B2A-A3E3-672F0CEB975D}"
EndProject
Global
	GlobalSection(SolutionConfigurationPlatforms) = preSolution
		Debug|Any CPU = Debug|Any CPU
		Release|Any CPU = Release|Any CPU
	EndGlobalSection
	GlobalSection(ProjectConfigurationPlatforms) = postSolution
		{2DEFB1A8-0AD3-407A-9FE9-DA2C8CA95A11}.Debug|Any CPU.ActiveCfg = Debug|Any CPU
		{2DEFB1A8-0AD3-407A-9FE9-DA2C8CA95A11}.Debug|Any CPU.Build.0 = Debug|Any CPU
		{2DEFB1A8-0AD3-407A-9FE9-DA2C8CA95A11}.Release|Any CPU.ActiveCfg = Release|Any CPU
		{2DEFB1A8-0AD3-407A-9FE9-DA2C8CA95A11}.Release|Any CPU.Build.0 = Release|Any CPU
		{7D8FE222-38CD-4DAF-837E-9D2D8B19C9A2}.Debug|Any CPU.ActiveCfg = Debug|Any CPU
		{7D8FE222-38CD-4DAF-837E-9D2D8B19C9A2}.Debug|Any CPU.Build.0 = Debug|Any CPU
		{7D8FE222-38CD-4DAF-837E-9D2D8B19C9A2}.Release|Any CPU.ActiveCfg = Release|Any CPU
		{7D8FE222-38CD-4DAF-837E-9D2D8B19C9A2}.Release|Any CPU.Build.0 = Release|Any CPU
		{40372C7E-10A5-4290-AD77-A1A239C5344E}.Debug|Any CPU.ActiveCfg = Debug|Any CPU
		{40372C7E-10A5-4290-AD77-A1A239C5344E}.Debug|Any CPU.Build.0 = Debug|Any CPU
		{40372C7E-10A5-4290-AD77-A1A239C5344E}.Release|Any CPU.ActiveCfg = Release|Any CPU
		{40372C7E-10A5-4290-AD77-A1A239C5344E}.Release|Any CPU.Build.0 = Release|Any CPU
		{4C20E66A-0831-4B2A-A3E3-672F0CEB975D}.Debug|Any CPU.ActiveCfg = Debug|Any CPU
		{4C20E66A-0831-4B2A-A3E3-672F0CEB975D}.Debug|Any CPU.Build.0 = Debug|Any CPU
		{4C20E66A-0831-4B2A-A3E3-672F0CEB975D}.Release|Any CPU.ActiveCfg = Release|Any CPU
		{4C20E66A-0831-4B2A-A3E3-672F0CEB975D}.Release|Any CPU.Build.0 = Release|Any CPU
	EndGlobalSection
	GlobalSection(SolutionProperties) = preSolution
		HideSolutionNode = FALSE
	EndGlobalSection
EndGlobal
